speakeasyVersion: 1.545.0
sources:
    accounting:
        sourceNamespace: apideck-accounting-only-oas
        sourceRevisionDigest: sha256:36d94ab873cddb45ae85869e93f44bf28f0c0f3171c35571fe9579327ff3d7e4
        sourceBlobDigest: sha256:e597b94de9c3ebabe8ede8eff2e032af026fc89e7a591cb7997ca0c6ca31fc22
        tags:
            - latest
            - speakeasy-sdk-regen-1746230695
            - 10.16.5
    lending:
        sourceNamespace: lending
        sourceRevisionDigest: sha256:178885971cf1c04155e742359cad4b10d0eba3a8d7de8e7a64d2e33a0678995d
        sourceBlobDigest: sha256:fa9d95b78d45713a72c0e0606cd94aab70c76d28d8edb2c33545d078dc15d36b
        tags:
            - latest
            - main
targets:
    accounting-py:
        source: accounting
        sourceNamespace: apideck-accounting-only-oas
        sourceRevisionDigest: sha256:36d94ab873cddb45ae85869e93f44bf28f0c0f3171c35571fe9579327ff3d7e4
        sourceBlobDigest: sha256:e597b94de9c3ebabe8ede8eff2e032af026fc89e7a591cb7997ca0c6ca31fc22
        codeSamplesNamespace: apideck-accounting-only-oas-python-code-samples
        codeSamplesRevisionDigest: sha256:7a8c131993ef0d201936bf68b0c571192a59f914bfbc218c29d74344dee37513
    accounting-ts:
        source: accounting
        sourceNamespace: accounting
        sourceRevisionDigest: sha256:430a64de9ff4076a9a5a65bc6528cf4105eb847dc12d69ea0214f4959846771d
        sourceBlobDigest: sha256:5f1cc761dc56e7ca4021510061eebb912db4ba7736e61c5a9ccd633a416c2611
    lending-ts:
        source: lending
        sourceNamespace: lending
        sourceRevisionDigest: sha256:178885971cf1c04155e742359cad4b10d0eba3a8d7de8e7a64d2e33a0678995d
        sourceBlobDigest: sha256:fa9d95b78d45713a72c0e0606cd94aab70c76d28d8edb2c33545d078dc15d36b
workflow:
    workflowVersion: 1.0.0
    speakeasyVersion: latest
    sources:
        accounting:
            inputs:
                - location: https://ci-spec-unify.s3.eu-central-1.amazonaws.com/speakeasy-spec.yml
            overlays:
                - location: ./overlays/accounting-vault-overlay.yml
            transformations:
                - removeUnused: true
                - cleanup: true
            registry:
                location: registry.speakeasyapi.dev/apideck-k2o/apideck/apideck-accounting-only-oas
    targets:
        accounting-py:
            target: python
            source: accounting
            output: ./accounting
            publish:
                pypi:
                    token: $pypi_token
            codeSamples:
                registry:
                    location: registry.speakeasyapi.dev/apideck-k2o/apideck/apideck-accounting-only-oas-python-code-samples
                labelOverride:
                    fixedValue: Python (SDK)
                blocking: false
